
Microsoft Visual Studio Solution File, Format Version 12.00
# Visual Studio 15
VisualStudioVersion = 15.0.28307.136
MinimumVisualStudioVersion = 10.0.40219.1
Project("{FAE04EC0-301F-11D3-BF4B-00C04F79EFBC}") = "CodenamesService", "CodenamesService\CodenamesService.csproj", "{4094068A-62DB-4499-8780-E86D7CBE4559}"
EndProject
Global
	GlobalSection(SolutionConfigurationPlatforms) = preSolution
		Debug|Any CPU = Debug|Any CPU
		Release|Any CPU = Release|Any CPU
	EndGlobalSection
	GlobalSection(ProjectConfigurationPlatforms) = postSolution
		{4094068A-62DB-4499-8780-E86D7CBE4559}.Debug|Any CPU.ActiveCfg = Debug|Any CPU
		{4094068A-62DB-4499-8780-E86D7CBE4559}.Debug|Any CPU.Build.0 = Debug|Any CPU
		{4094068A-62DB-4499-8780-E86D7CBE4559}.Release|Any CPU.ActiveCfg = Release|Any CPU
		{4094068A-62DB-4499-8780-E86D7CBE4559}.Release|Any CPU.Build.0 = Release|Any CPU
	EndGlobalSection
	GlobalSection(SolutionProperties) = preSolution
		HideSolutionNode = FALSE
	EndGlobalSection
	GlobalSection(ExtensibilityGlobals) = postSolution
		SolutionGuid = {2A0B1B8F-DAC0-4AD6-B245-4A98FF8E5057}
	EndGlobalSection
EndGlobal
